
Microsoft Visual Studio Solution File, Format Version 12.00
# Visual Studio Version 17
VisualStudioVersion = 17.11.35327.3
MinimumVisualStudioVersion = 10.0.40219.1
Project("{FAE04EC0-301F-11D3-BF4B-00C04F79EFBC}") = "Chat.WebHost", "Chat.WebHost\Chat.WebHost.csproj", "{5C289189-9713-46B0-B1DF-886C35381FCF}"
EndProject
Project("{FAE04EC0-301F-11D3-BF4B-00C04F79EFBC}") = "Chat.Client.Console", "Chat.Client.Console\Chat.Client.Console.csproj", "{12113F54-CF32-4CC7-A680-A68AE2048A84}"
EndProject
Project("{FAE04EC0-301F-11D3-BF4B-00C04F79EFBC}") = "Chat.Models", "Chat.Models\Chat.Models.csproj", "{3B2591BB-1FF2-4FE3-9BF3-99FF313394EA}"
EndProject
Global
	GlobalSection(SolutionConfigurationPlatforms) = preSolution
		Debug|Any CPU = Debug|Any CPU
		Release|Any CPU = Release|Any CPU
	EndGlobalSection
	GlobalSection(ProjectConfigurationPlatforms) = postSolution
		{5C289189-9713-46B0-B1DF-886C35381FCF}.Debug|Any CPU.ActiveCfg = Debug|Any CPU
		{5C289189-9713-46B0-B1DF-886C35381FCF}.Debug|Any CPU.Build.0 = Debug|Any CPU
		{5C289189-9713-46B0-B1DF-886C35381FCF}.Release|Any CPU.ActiveCfg = Release|Any CPU
		{5C289189-9713-46B0-B1DF-886C35381FCF}.Release|Any CPU.Build.0 = Release|Any CPU
		{12113F54-CF32-4CC7-A680-A68AE2048A84}.Debug|Any CPU.ActiveCfg = Debug|Any CPU
		{12113F54-CF32-4CC7-A680-A68AE2048A84}.Debug|Any CPU.Build.0 = Debug|Any CPU
		{12113F54-CF32-4CC7-A680-A68AE2048A84}.Release|Any CPU.ActiveCfg = Release|Any CPU
		{12113F54-CF32-4CC7-A680-A68AE2048A84}.Release|Any CPU.Build.0 = Release|Any CPU
		{3B2591BB-1FF2-4FE3-9BF3-99FF313394EA}.Debug|Any CPU.ActiveCfg = Debug|Any CPU
		{3B2591BB-1FF2-4FE3-9BF3-99FF313394EA}.Debug|Any CPU.Build.0 = Debug|Any CPU
		{3B2591BB-1FF2-4FE3-9BF3-99FF313394EA}.Release|Any CPU.ActiveCfg = Release|Any CPU
		{3B2591BB-1FF2-4FE3-9BF3-99FF313394EA}.Release|Any CPU.Build.0 = Release|Any CPU
	EndGlobalSection
	GlobalSection(SolutionProperties) = preSolution
		HideSolutionNode = FALSE
	EndGlobalSection
	GlobalSection(ExtensibilityGlobals) = postSolution
		SolutionGuid = {7DAD3B7B-2A18-4EFC-BDE6-31CD8785509B}
	EndGlobalSection
EndGlobal
